
Microsoft Visual Studio Solution File, Format Version 12.00
# Visual Studio Version 17
VisualStudioVersion = 17.8.34309.116
MinimumVisualStudioVersion = 10.0.40219.1
Project("{9A19103F-16F7-4668-BE54-9A1E7A4F7556}") = "Mendi.Blazor.TrueSPA.CLI", "Mendi.Blazor.TrueSPA.CLI\Mendi.Blazor.TrueSPA.CLI.csproj", "{1E8E9161-EAB4-4543-97F8-8DBE7D575C1F}"
EndProject
Project("{9A19103F-16F7-4668-BE54-9A1E7A4F7556}") = "Mendi.Blazor.TrueSPA.CLI.Test", "Mendi.Blazor.TrueSPA.CLI.Test\Mendi.Blazor.TrueSPA.CLI.Test.csproj", "{65EE245A-2246-42B9-BA12-2DE8826DB3FB}"
EndProject
Project("{9A19103F-16F7-4668-BE54-9A1E7A4F7556}") = "Mendi.Blazor.TrueSPA.Common", "Mendi.Blazor.TrueSPA.Common\Mendi.Blazor.TrueSPA.Common.csproj", "{8EBFCD92-BC69-47D9-BF8B-23FC77B27CD9}"
EndProject
Project("{9A19103F-16F7-4668-BE54-9A1E7A4F7556}") = "Mendi.Blazor.TrueSPA.Engine", "Mendi.Blazor.TrueSPA.Engine\Mendi.Blazor.TrueSPA.Engine.csproj", "{3314E369-BF82-46B7-8105-F3CEBE6FB2F1}"
EndProject
Project("{9A19103F-16F7-4668-BE54-9A1E7A4F7556}") = "TestSample", "TestSample\TestSample.csproj", "{7D485E7B-849B-467D-BC86-8510512D9789}"
EndProject
Global
	GlobalSection(SolutionConfigurationPlatforms) = preSolution
		Debug|Any CPU = Debug|Any CPU
		Release|Any CPU = Release|Any CPU
	EndGlobalSection
	GlobalSection(ProjectConfigurationPlatforms) = postSolution
		{1E8E9161-EAB4-4543-97F8-8DBE7D575C1F}.Debug|Any CPU.ActiveCfg = Debug|Any CPU
		{1E8E9161-EAB4-4543-97F8-8DBE7D575C1F}.Debug|Any CPU.Build.0 = Debug|Any CPU
		{1E8E9161-EAB4-4543-97F8-8DBE7D575C1F}.Release|Any CPU.ActiveCfg = Release|Any CPU
		{1E8E9161-EAB4-4543-97F8-8DBE7D575C1F}.Release|Any CPU.Build.0 = Release|Any CPU
		{65EE245A-2246-42B9-BA12-2DE8826DB3FB}.Debug|Any CPU.ActiveCfg = Debug|Any CPU
		{65EE245A-2246-42B9-BA12-2DE8826DB3FB}.Debug|Any CPU.Build.0 = Debug|Any CPU
		{65EE245A-2246-42B9-BA12-2DE8826DB3FB}.Release|Any CPU.ActiveCfg = Release|Any CPU
		{65EE245A-2246-42B9-BA12-2DE8826DB3FB}.Release|Any CPU.Build.0 = Release|Any CPU
		{8EBFCD92-BC69-47D9-BF8B-23FC77B27CD9}.Debug|Any CPU.ActiveCfg = Debug|Any CPU
		{8EBFCD92-BC69-47D9-BF8B-23FC77B27CD9}.Debug|Any CPU.Build.0 = Debug|Any CPU
		{8EBFCD92-BC69-47D9-BF8B-23FC77B27CD9}.Release|Any CPU.ActiveCfg = Release|Any CPU
		{8EBFCD92-BC69-47D9-BF8B-23FC77B27CD9}.Release|Any CPU.Build.0 = Release|Any CPU
		{3314E369-BF82-46B7-8105-F3CEBE6FB2F1}.Debug|Any CPU.ActiveCfg = Debug|Any CPU
		{3314E369-BF82-46B7-8105-F3CEBE6FB2F1}.Debug|Any CPU.Build.0 = Debug|Any CPU
		{3314E369-BF82-46B7-8105-F3CEBE6FB2F1}.Release|Any CPU.ActiveCfg = Release|Any CPU
		{3314E369-BF82-46B7-8105-F3CEBE6FB2F1}.Release|Any CPU.Build.0 = Release|Any CPU
		{7D485E7B-849B-467D-BC86-8510512D9789}.Debug|Any CPU.ActiveCfg = Debug|Any CPU
		{7D485E7B-849B-467D-BC86-8510512D9789}.Debug|Any CPU.Build.0 = Debug|Any CPU
		{7D485E7B-849B-467D-BC86-8510512D9789}.Release|Any CPU.ActiveCfg = Release|Any CPU
		{7D485E7B-849B-467D-BC86-8510512D9789}.Release|Any CPU.Build.0 = Release|Any CPU
	EndGlobalSection
	GlobalSection(SolutionProperties) = preSolution
		HideSolutionNode = FALSE
	EndGlobalSection
	GlobalSection(ExtensibilityGlobals) = postSolution
		SolutionGuid = {38EE5B3C-3ACF-4475-BECA-9D3F5356EBD2}
	EndGlobalSection
EndGlobal
